
Microsoft Visual Studio Solution File, Format Version 12.00
# Visual Studio Version 17
VisualStudioVersion = 17.6.33723.286
MinimumVisualStudioVersion = 10.0.40219.1
Project("{FAE04EC0-301F-11D3-BF4B-00C04F79EFBC}") = "meow meow gang u prodavnici", "meow meow gang u prodavnici\meow meow gang u prodavnici.csproj", "{E4CC14AF-039C-468C-9231-E35792E71816}"
EndProject
Project("{2150E333-8FDC-42A3-9474-1A3956D46DE8}") = "Solution Items", "Solution Items", "{76E6B8FC-E62B-426C-B915-3E7F7C2AF490}"
EndProject
Global
	GlobalSection(SolutionConfigurationPlatforms) = preSolution
		Debug|Any CPU = Debug|Any CPU
		Release|Any CPU = Release|Any CPU
	EndGlobalSection
	GlobalSection(ProjectConfigurationPlatforms) = postSolution
		{E4CC14AF-039C-468C-9231-E35792E71816}.Debug|Any CPU.ActiveCfg = Debug|Any CPU
		{E4CC14AF-039C-468C-9231-E35792E71816}.Debug|Any CPU.Build.0 = Debug|Any CPU
		{E4CC14AF-039C-468C-9231-E35792E71816}.Release|Any CPU.ActiveCfg = Release|Any CPU
		{E4CC14AF-039C-468C-9231-E35792E71816}.Release|Any CPU.Build.0 = Release|Any CPU
	EndGlobalSection
	GlobalSection(SolutionProperties) = preSolution
		HideSolutionNode = FALSE
	EndGlobalSection
	GlobalSection(ExtensibilityGlobals) = postSolution
		SolutionGuid = {6110979C-AD36-4327-A196-B7FFD3AF0118}
	EndGlobalSection
EndGlobal
